
Microsoft Visual Studio Solution File, Format Version 12.00
# Visual Studio Version 16
VisualStudioVersion = 16.0.29728.190
MinimumVisualStudioVersion = 10.0.40219.1
Project("{9A19103F-16F7-4668-BE54-9A1E7A4F7556}") = "VetReserve", "VetReserve.csproj", "{CAB64731-EA4D-4506-B78D-C45B361CF41D}"
EndProject
Global
	GlobalSection(SolutionConfigurationPlatforms) = preSolution
		Debug|Any CPU = Debug|Any CPU
		Release|Any CPU = Release|Any CPU
	EndGlobalSection
	GlobalSection(ProjectConfigurationPlatforms) = postSolution
		{CAB64731-EA4D-4506-B78D-C45B361CF41D}.Debug|Any CPU.ActiveCfg = Debug|Any CPU
		{CAB64731-EA4D-4506-B78D-C45B361CF41D}.Debug|Any CPU.Build.0 = Debug|Any CPU
		{CAB64731-EA4D-4506-B78D-C45B361CF41D}.Release|Any CPU.ActiveCfg = Release|Any CPU
		{CAB64731-EA4D-4506-B78D-C45B361CF41D}.Release|Any CPU.Build.0 = Release|Any CPU
	EndGlobalSection
	GlobalSection(SolutionProperties) = preSolution
		HideSolutionNode = FALSE
	EndGlobalSection
	GlobalSection(ExtensibilityGlobals) = postSolution
		SolutionGuid = {B4C92D09-FA88-4E3C-B6E3-88FF456FB5A8}
	EndGlobalSection
EndGlobal
